PODS:
  - Expecta (1.0.6)
  - OCHamcrest (7.0.2)
  - OCMockito (5.0.1):
    - OCHamcrest (~> 7.0)
  - Specta (1.0.7)

DEPENDENCIES:
  - Expecta
  - OCMockito
  - Specta

SPEC CHECKSUMS:
  Expecta: 3b6bd90a64b9a1dcb0b70aa0e10a7f8f631667d5
  OCHamcrest: 706bfbf69a3df55a873bad096014e80e2e8ca93c
  OCMockito: 063837a086c058e764fcd23e771089c1759e7197
  Specta: 3e1bd89c3517421982dc4d1c992503e48bd5fe66

PODFILE CHECKSUM: c0524aa085ddebdb4d6e42a1fde6c5afe543e5bd

COCOAPODS: 1.2.0
