// !$*UTF8*$!
{
	archiveVersion = 1;
	classes = {
	};
	objectVersion = 46;
	objects = {

/* Begin PBXBuildFile section */
		289010E219E5B1F500ABA5B3 /* LKFlowLayout.m in Sources */ = {isa = PBXBuildFile; fileRef = 289010C419E5B1F500ABA5B3 /* LKFlowLayout.m */; };
		289010E319E5B1F500ABA5B3 /* LKFlowLayoutItem.m in Sources */ = {isa = PBXBuildFile; fileRef = 289010C619E5B1F500ABA5B3 /* LKFlowLayoutItem.m */; };
		289010E419E5B1F500ABA5B3 /* LKGravity.m in Sources */ = {isa = PBXBuildFile; fileRef = 289010C819E5B1F500ABA5B3 /* LKGravity.m */; };
		289010E519E5B1F500ABA5B3 /* LKLayout.m in Sources */ = {isa = PBXBuildFile; fileRef = 289010CB19E5B1F500ABA5B3 /* LKLayout.m */; };
		289010E619E5B1F500ABA5B3 /* LKLayoutItem.m in Sources */ = {isa = PBXBuildFile; fileRef = 289010CF19E5B1F500ABA5B3 /* LKLayoutItem.m */; };
		289010E719E5B1F500ABA5B3 /* LKLayoutParser.m in Sources */ = {isa = PBXBuildFile; fileRef = 289010D319E5B1F500ABA5B3 /* LKLayoutParser.m */; };
		289010E819E5B1F500ABA5B3 /* LKLayoutParserAttributeRecognizer.m in Sources */ = {isa = PBXBuildFile; fileRef = 289010D519E5B1F500ABA5B3 /* LKLayoutParserAttributeRecognizer.m */; };
		289010E919E5B1F500ABA5B3 /* LKLayoutView.m in Sources */ = {isa = PBXBuildFile; fileRef = 289010D819E5B1F500ABA5B3 /* LKLayoutView.m */; };
		289010EA19E5B1F500ABA5B3 /* LKLinearLayout.m in Sources */ = {isa = PBXBuildFile; fileRef = 289010DA19E5B1F500ABA5B3 /* LKLinearLayout.m */; };
		289010EB19E5B1F500ABA5B3 /* LKLinearLayoutItem.m in Sources */ = {isa = PBXBuildFile; fileRef = 289010DC19E5B1F500ABA5B3 /* LKLinearLayoutItem.m */; };
		289010EC19E5B1F500ABA5B3 /* LKStackLayout.m in Sources */ = {isa = PBXBuildFile; fileRef = 289010DF19E5B1F500ABA5B3 /* LKStackLayout.m */; };
		289010ED19E5B1F500ABA5B3 /* LKStackLayoutItem.m in Sources */ = {isa = PBXBuildFile; fileRef = 289010E119E5B1F500ABA5B3 /* LKStackLayoutItem.m */; };
		289010EF19E5B21700ABA5B3 /* UIKit.framework in Frameworks */ = {isa = PBXBuildFile; fileRef = 289010EE19E5B21700ABA5B3 /* UIKit.framework */; };
		289010F219E5B23D00ABA5B3 /* QuartzCore.framework in Frameworks */ = {isa = PBXBuildFile; fileRef = 289010F119E5B23D00ABA5B3 /* QuartzCore.framework */; };
/* End PBXBuildFile section */

/* Begin PBXCopyFilesBuildPhase section */
		286BB19719E5B1700042CD74 /* CopyFiles */ = {
			isa = PBXCopyFilesBuildPhase;
			buildActionMask = 2147483647;
			dstPath = "include/$(PRODUCT_NAME)";
			dstSubfolderSpec = 16;
			files = (
			);
			runOnlyForDeploymentPostprocessing = 0;
		};
/* End PBXCopyFilesBuildPhase section */

/* Begin PBXFileReference section */
		286BB19919E5B1700042CD74 /* libLKLayoutLibrary.a */ = {isa = PBXFileReference; explicitFileType = archive.ar; includeInIndex = 0; path = libLKLayoutLibrary.a; sourceTree = BUILT_PRODUCTS_DIR; };
		286BB1A419E5B1700042CD74 /* LKLayoutLibraryTests.xctest */ = {isa = PBXFileReference; explicitFileType = wrapper.cfbundle; includeInIndex = 0; path = LKLayoutLibraryTests.xctest; sourceTree = BUILT_PRODUCTS_DIR; };
		286BB1A719E5B1700042CD74 /* Info.plist */ = {isa = PBXFileReference; lastKnownFileType = text.plist.xml; path = Info.plist; sourceTree = "<group>"; };
		289010C219E5B1F500ABA5B3 /* LKCGRectAdditions.h */ = {isa = PBXFileReference; fileEncoding = 4; lastKnownFileType = sourcecode.c.h; path = LKCGRectAdditions.h; sourceTree = "<group>"; };
		289010C319E5B1F500ABA5B3 /* LKFlowLayout.h */ = {isa = PBXFileReference; fileEncoding = 4; lastKnownFileType = sourcecode.c.h; path = LKFlowLayout.h; sourceTree = "<group>"; };
		289010C419E5B1F500ABA5B3 /* LKFlowLayout.m */ = {isa = PBXFileReference; fileEncoding = 4; lastKnownFileType = sourcecode.c.objc; path = LKFlowLayout.m; sourceTree = "<group>"; };
		289010C519E5B1F500ABA5B3 /* LKFlowLayoutItem.h */ = {isa = PBXFileReference; fileEncoding = 4; lastKnownFileType = sourcecode.c.h; path = LKFlowLayoutItem.h; sourceTree = "<group>"; };
		289010C619E5B1F500ABA5B3 /* LKFlowLayoutItem.m */ = {isa = PBXFileReference; fileEncoding = 4; lastKnownFileType = sourcecode.c.objc; path = LKFlowLayoutItem.m; sourceTree = "<group>"; };
		289010C719E5B1F500ABA5B3 /* LKGravity.h */ = {isa = PBXFileReference; fileEncoding = 4; lastKnownFileType = sourcecode.c.h; path = LKGravity.h; sourceTree = "<group>"; };
		289010C819E5B1F500ABA5B3 /* LKGravity.m */ = {isa = PBXFileReference; fileEncoding = 4; lastKnownFileType = sourcecode.c.objc; path = LKGravity.m; sourceTree = "<group>"; };
		289010C919E5B1F500ABA5B3 /* LKLayout_SubclassAccessors.h */ = {isa = PBXFileReference; fileEncoding = 4; lastKnownFileType = sourcecode.c.h; path = LKLayout_SubclassAccessors.h; sourceTree = "<group>"; };
		289010CA19E5B1F500ABA5B3 /* LKLayout.h */ = {isa = PBXFileReference; fileEncoding = 4; lastKnownFileType = sourcecode.c.h; path = LKLayout.h; sourceTree = "<group>"; };
		289010CB19E5B1F500ABA5B3 /* LKLayout.m */ = {isa = PBXFileReference; fileEncoding = 4; lastKnownFileType = sourcecode.c.objc; path = LKLayout.m; sourceTree = "<group>"; };
		289010CC19E5B1F500ABA5B3 /* LKLayoutDelegate.h */ = {isa = PBXFileReference; fileEncoding = 4; lastKnownFileType = sourcecode.c.h; path = LKLayoutDelegate.h; sourceTree = "<group>"; };
		289010CD19E5B1F500ABA5B3 /* LKLayoutItem_SubclassAccessors.h */ = {isa = PBXFileReference; fileEncoding = 4; lastKnownFileType = sourcecode.c.h; path = LKLayoutItem_SubclassAccessors.h; sourceTree = "<group>"; };
		289010CE19E5B1F500ABA5B3 /* LKLayoutItem.h */ = {isa = PBXFileReference; fileEncoding = 4; lastKnownFileType = sourcecode.c.h; path = LKLayoutItem.h; sourceTree = "<group>"; };
		289010CF19E5B1F500ABA5B3 /* LKLayoutItem.m */ = {isa = PBXFileReference; fileEncoding = 4; lastKnownFileType = sourcecode.c.objc; path = LKLayoutItem.m; sourceTree = "<group>"; };
		289010D019E5B1F500ABA5B3 /* LKLayoutLibrary.h */ = {isa = PBXFileReference; fileEncoding = 4; lastKnownFileType = sourcecode.c.h; path = LKLayoutLibrary.h; sourceTree = "<group>"; };
		289010D119E5B1F500ABA5B3 /* LKLayoutOrientation.h */ = {isa = PBXFileReference; fileEncoding = 4; lastKnownFileType = sourcecode.c.h; path = LKLayoutOrientation.h; sourceTree = "<group>"; };
		289010D219E5B1F500ABA5B3 /* LKLayoutParser.h */ = {isa = PBXFileReference; fileEncoding = 4; lastKnownFileType = sourcecode.c.h; path = LKLayoutParser.h; sourceTree = "<group>"; };
		289010D319E5B1F500ABA5B3 /* LKLayoutParser.m */ = {isa = PBXFileReference; fileEncoding = 4; lastKnownFileType = sourcecode.c.objc; path = LKLayoutParser.m; sourceTree = "<group>"; };
		289010D419E5B1F500ABA5B3 /* LKLayoutParserAttributeRecognizer.h */ = {isa = PBXFileReference; fileEncoding = 4; lastKnownFileType = sourcecode.c.h; path = LKLayoutParserAttributeRecognizer.h; sourceTree = "<group>"; };
		289010D519E5B1F500ABA5B3 /* LKLayoutParserAttributeRecognizer.m */ = {isa = PBXFileReference; fileEncoding = 4; lastKnownFileType = sourcecode.c.objc; path = LKLayoutParserAttributeRecognizer.m; sourceTree = "<group>"; };
		289010D619E5B1F500ABA5B3 /* LKLayoutSeparatorDelegate.h */ = {isa = PBXFileReference; fileEncoding = 4; lastKnownFileType = sourcecode.c.h; path = LKLayoutSeparatorDelegate.h; sourceTree = "<group>"; };
		289010D719E5B1F500ABA5B3 /* LKLayoutView.h */ = {isa = PBXFileReference; fileEncoding = 4; lastKnownFileType = sourcecode.c.h; path = LKLayoutView.h; sourceTree = "<group>"; };
		289010D819E5B1F500ABA5B3 /* LKLayoutView.m */ = {isa = PBXFileReference; fileEncoding = 4; lastKnownFileType = sourcecode.c.objc; path = LKLayoutView.m; sourceTree = "<group>"; };
		289010D919E5B1F500ABA5B3 /* LKLinearLayout.h */ = {isa = PBXFileReference; fileEncoding = 4; lastKnownFileType = sourcecode.c.h; path = LKLinearLayout.h; sourceTree = "<group>"; };
		289010DA19E5B1F500ABA5B3 /* LKLinearLayout.m */ = {isa = PBXFileReference; fileEncoding = 4; lastKnownFileType = sourcecode.c.objc; path = LKLinearLayout.m; sourceTree = "<group>"; };
		289010DB19E5B1F500ABA5B3 /* LKLinearLayoutItem.h */ = {isa = PBXFileReference; fileEncoding = 4; lastKnownFileType = sourcecode.c.h; path = LKLinearLayoutItem.h; sourceTree = "<group>"; };
		289010DC19E5B1F500ABA5B3 /* LKLinearLayoutItem.m */ = {isa = PBXFileReference; fileEncoding = 4; lastKnownFileType = sourcecode.c.objc; path = LKLinearLayoutItem.m; sourceTree = "<group>"; };
		289010DD19E5B1F500ABA5B3 /* LKLinearLayoutSeparatorDelegate.h */ = {isa = PBXFileReference; fileEncoding = 4; lastKnownFileType = sourcecode.c.h; path = LKLinearLayoutSeparatorDelegate.h; sourceTree = "<group>"; };
		289010DE19E5B1F500ABA5B3 /* LKStackLayout.h */ = {isa = PBXFileReference; fileEncoding = 4; lastKnownFileType = sourcecode.c.h; path = LKStackLayout.h; sourceTree = "<group>"; };
		289010DF19E5B1F500ABA5B3 /* LKStackLayout.m */ = {isa = PBXFileReference; fileEncoding = 4; lastKnownFileType = sourcecode.c.objc; path = LKStackLayout.m; sourceTree = "<group>"; };
		289010E019E5B1F500ABA5B3 /* LKStackLayoutItem.h */ = {isa = PBXFileReference; fileEncoding = 4; lastKnownFileType = sourcecode.c.h; path = LKStackLayoutItem.h; sourceTree = "<group>"; };
		289010E119E5B1F500ABA5B3 /* LKStackLayoutItem.m */ = {isa = PBXFileReference; fileEncoding = 4; lastKnownFileType = sourcecode.c.objc; path = LKStackLayoutItem.m; sourceTree = "<group>"; };
		289010EE19E5B21700ABA5B3 /* UIKit.framework */ = {isa = PBXFileReference; lastKnownFileType = wrapper.framework; name = UIKit.framework; path = System/Library/Frameworks/UIKit.framework; sourceTree = SDKROOT; };
		289010F119E5B23D00ABA5B3 /* QuartzCore.framework */ = {isa = PBXFileReference; lastKnownFileType = wrapper.framework; name = QuartzCore.framework; path = System/Library/Frameworks/QuartzCore.framework; sourceTree = SDKROOT; };
		289010F319E5B26400ABA5B3 /* LKLayoutLibrary-Prefix.pch */ = {isa = PBXFileReference; lastKnownFileType = sourcecode.c.h; path = "LKLayoutLibrary-Prefix.pch"; sourceTree = "<group>"; };
/* End PBXFileReference section */

/* Begin PBXFrameworksBuildPhase section */
		286BB19619E5B1700042CD74 /* Frameworks */ = {
			isa = PBXFrameworksBuildPhase;
			buildActionMask = 2147483647;
			files = (
				289010F219E5B23D00ABA5B3 /* QuartzCore.framework in Frameworks */,
				289010EF19E5B21700ABA5B3 /* UIKit.framework in Frameworks */,
			);
			runOnlyForDeploymentPostprocessing = 0;
		};
		286BB1A119E5B1700042CD74 /* Frameworks */ = {
			isa = PBXFrameworksBuildPhase;
			buildActionMask = 2147483647;
			files = (
			);
			runOnlyForDeploymentPostprocessing = 0;
		};
/* End PBXFrameworksBuildPhase section */

/* Begin PBXGroup section */
		286BB19019E5B1700042CD74 = {
			isa = PBXGroup;
			children = (
				286BB19B19E5B1700042CD74 /* LKLayoutLibrary */,
				286BB1A519E5B1700042CD74 /* LKLayoutLibraryTests */,
				289010F019E5B22600ABA5B3 /* Frameworks */,
				286BB19A19E5B1700042CD74 /* Products */,
			);
			sourceTree = "<group>";
		};
		286BB19A19E5B1700042CD74 /* Products */ = {
			isa = PBXGroup;
			children = (
				286BB19919E5B1700042CD74 /* libLKLayoutLibrary.a */,
				286BB1A419E5B1700042CD74 /* LKLayoutLibraryTests.xctest */,
			);
			name = Products;
			sourceTree = "<group>";
		};
		286BB19B19E5B1700042CD74 /* LKLayoutLibrary */ = {
			isa = PBXGroup;
			children = (
				289010C219E5B1F500ABA5B3 /* LKCGRectAdditions.h */,
				289010C319E5B1F500ABA5B3 /* LKFlowLayout.h */,
				289010C419E5B1F500ABA5B3 /* LKFlowLayout.m */,
				289010C519E5B1F500ABA5B3 /* LKFlowLayoutItem.h */,
				289010C619E5B1F500ABA5B3 /* LKFlowLayoutItem.m */,
				289010C719E5B1F500ABA5B3 /* LKGravity.h */,
				289010C819E5B1F500ABA5B3 /* LKGravity.m */,
				289010C919E5B1F500ABA5B3 /* LKLayout_SubclassAccessors.h */,
				289010CA19E5B1F500ABA5B3 /* LKLayout.h */,
				289010CB19E5B1F500ABA5B3 /* LKLayout.m */,
				289010CC19E5B1F500ABA5B3 /* LKLayoutDelegate.h */,
				289010CD19E5B1F500ABA5B3 /* LKLayoutItem_SubclassAccessors.h */,
				289010CE19E5B1F500ABA5B3 /* LKLayoutItem.h */,
				289010CF19E5B1F500ABA5B3 /* LKLayoutItem.m */,
				289010D019E5B1F500ABA5B3 /* LKLayoutLibrary.h */,
				289010D119E5B1F500ABA5B3 /* LKLayoutOrientation.h */,
				289010D219E5B1F500ABA5B3 /* LKLayoutParser.h */,
				289010D319E5B1F500ABA5B3 /* LKLayoutParser.m */,
				289010D419E5B1F500ABA5B3 /* LKLayoutParserAttributeRecognizer.h */,
				289010D519E5B1F500ABA5B3 /* LKLayoutParserAttributeRecognizer.m */,
				289010D619E5B1F500ABA5B3 /* LKLayoutSeparatorDelegate.h */,
				289010D719E5B1F500ABA5B3 /* LKLayoutView.h */,
				289010D819E5B1F500ABA5B3 /* LKLayoutView.m */,
				289010D919E5B1F500ABA5B3 /* LKLinearLayout.h */,
				289010DA19E5B1F500ABA5B3 /* LKLinearLayout.m */,
				289010DB19E5B1F500ABA5B3 /* LKLinearLayoutItem.h */,
				289010DC19E5B1F500ABA5B3 /* LKLinearLayoutItem.m */,
				289010DD19E5B1F500ABA5B3 /* LKLinearLayoutSeparatorDelegate.h */,
				289010DE19E5B1F500ABA5B3 /* LKStackLayout.h */,
				289010DF19E5B1F500ABA5B3 /* LKStackLayout.m */,
				289010E019E5B1F500ABA5B3 /* LKStackLayoutItem.h */,
				289010E119E5B1F500ABA5B3 /* LKStackLayoutItem.m */,
				289010F319E5B26400ABA5B3 /* LKLayoutLibrary-Prefix.pch */,
			);
			path = LKLayoutLibrary;
			sourceTree = "<group>";
		};
		286BB1A519E5B1700042CD74 /* LKLayoutLibraryTests */ = {
			isa = PBXGroup;
			children = (
				286BB1A619E5B1700042CD74 /* Supporting Files */,
			);
			path = LKLayoutLibraryTests;
			sourceTree = "<group>";
		};
		286BB1A619E5B1700042CD74 /* Supporting Files */ = {
			isa = PBXGroup;
			children = (
				286BB1A719E5B1700042CD74 /* Info.plist */,
			);
			name = "Supporting Files";
			sourceTree = "<group>";
		};
		289010F019E5B22600ABA5B3 /* Frameworks */ = {
			isa = PBXGroup;
			children = (
				289010F119E5B23D00ABA5B3 /* QuartzCore.framework */,
				289010EE19E5B21700ABA5B3 /* UIKit.framework */,
			);
			name = Frameworks;
			sourceTree = "<group>";
		};
/* End PBXGroup section */

/* Begin PBXNativeTarget section */
		286BB19819E5B1700042CD74 /* LKLayoutLibrary */ = {
			isa = PBXNativeTarget;
			buildConfigurationList = 286BB1AA19E5B1700042CD74 /* Build configuration list for PBXNativeTarget "LKLayoutLibrary" */;
			buildPhases = (
				286BB19519E5B1700042CD74 /* Sources */,
				286BB19619E5B1700042CD74 /* Frameworks */,
				286BB19719E5B1700042CD74 /* CopyFiles */,
			);
			buildRules = (
			);
			dependencies = (
			);
			name = LKLayoutLibrary;
			productName = LKLayoutLibrary;
			productReference = 286BB19919E5B1700042CD74 /* libLKLayoutLibrary.a */;
			productType = "com.apple.product-type.library.static";
		};
		286BB1A319E5B1700042CD74 /* LKLayoutLibraryTests */ = {
			isa = PBXNativeTarget;
			buildConfigurationList = 286BB1AD19E5B1700042CD74 /* Build configuration list for PBXNativeTarget "LKLayoutLibraryTests" */;
			buildPhases = (
				286BB1A019E5B1700042CD74 /* Sources */,
				286BB1A119E5B1700042CD74 /* Frameworks */,
				286BB1A219E5B1700042CD74 /* Resources */,
			);
			buildRules = (
			);
			dependencies = (
			);
			name = LKLayoutLibraryTests;
			productName = LKLayoutLibraryTests;
			productReference = 286BB1A419E5B1700042CD74 /* LKLayoutLibraryTests.xctest */;
			productType = "com.apple.product-type.bundle.unit-test";
		};
/* End PBXNativeTarget section */

/* Begin PBXProject section */
		286BB19119E5B1700042CD74 /* Project object */ = {
			isa = PBXProject;
			attributes = {
				LastUpgradeCheck = 0600;
				ORGANIZATIONNAME = mkloeppner;
				TargetAttributes = {
					286BB19819E5B1700042CD74 = {
						CreatedOnToolsVersion = 6.0.1;
					};
					286BB1A319E5B1700042CD74 = {
						CreatedOnToolsVersion = 6.0.1;
					};
				};
			};
			buildConfigurationList = 286BB19419E5B1700042CD74 /* Build configuration list for PBXProject "LKLayoutLibrary" */;
			compatibilityVersion = "Xcode 3.2";
			developmentRegion = English;
			hasScannedForEncodings = 0;
			knownRegions = (
				en,
			);
			mainGroup = 286BB19019E5B1700042CD74;
			productRefGroup = 286BB19A19E5B1700042CD74 /* Products */;
			projectDirPath = "";
			projectRoot = "";
			targets = (
				286BB19819E5B1700042CD74 /* LKLayoutLibrary */,
				286BB1A319E5B1700042CD74 /* LKLayoutLibraryTests */,
			);
		};
/* End PBXProject section */

/* Begin PBXResourcesBuildPhase section */
		286BB1A219E5B1700042CD74 /* Resources */ = {
			isa = PBXResourcesBuildPhase;
			buildActionMask = 2147483647;
			files = (
			);
			runOnlyForDeploymentPostprocessing = 0;
		};
/* End PBXResourcesBuildPhase section */

/* Begin PBXSourcesBuildPhase section */
		286BB19519E5B1700042CD74 /* Sources */ = {
			isa = PBXSourcesBuildPhase;
			buildActionMask = 2147483647;
			files = (
				289010EB19E5B1F500ABA5B3 /* LKLinearLayoutItem.m in Sources */,
				289010E419E5B1F500ABA5B3 /* LKGravity.m in Sources */,
				289010E919E5B1F500ABA5B3 /* LKLayoutView.m in Sources */,
				289010E219E5B1F500ABA5B3 /* LKFlowLayout.m in Sources */,
				289010ED19E5B1F500ABA5B3 /* LKStackLayoutItem.m in Sources */,
				289010EA19E5B1F500ABA5B3 /* LKLinearLayout.m in Sources */,
				289010E619E5B1F500ABA5B3 /* LKLayoutItem.m in Sources */,
				289010E819E5B1F500ABA5B3 /* LKLayoutParserAttributeRecognizer.m in Sources */,
				289010E719E5B1F500ABA5B3 /* LKLayoutParser.m in Sources */,
				289010E519E5B1F500ABA5B3 /* LKLayout.m in Sources */,
				289010E319E5B1F500ABA5B3 /* LKFlowLayoutItem.m in Sources */,
				289010EC19E5B1F500ABA5B3 /* LKStackLayout.m in Sources */,
			);
			runOnlyForDeploymentPostprocessing = 0;
		};
		286BB1A019E5B1700042CD74 /* Sources */ = {
			isa = PBXSourcesBuildPhase;
			buildActionMask = 2147483647;
			files = (
			);
			runOnlyForDeploymentPostprocessing = 0;
		};
/* End PBXSourcesBuildPhase section */

/* Begin XCBuildConfiguration section */
		286BB1A819E5B1700042CD74 /* Debug */ = {
			isa = XCBuildConfiguration;
			buildSettings = {
				ALWAYS_SEARCH_USER_PATHS = NO;
				CLANG_CXX_LANGUAGE_STANDARD = "gnu++0x";
				CLANG_CXX_LIBRARY = "libc++";
				CLANG_ENABLE_MODULES = YES;
				CLANG_ENABLE_OBJC_ARC = YES;
				CLANG_WARN_BOOL_CONVERSION = YES;
				CLANG_WARN_CONSTANT_CONVERSION = YES;
				CLANG_WARN_DIRECT_OBJC_ISA_USAGE = YES_ERROR;
				CLANG_WARN_EMPTY_BODY = YES;
				CLANG_WARN_ENUM_CONVERSION = YES;
				CLANG_WARN_INT_CONVERSION = YES;
				CLANG_WARN_OBJC_ROOT_CLASS = YES_ERROR;
				CLANG_WARN_UNREACHABLE_CODE = YES;
				CLANG_WARN__DUPLICATE_METHOD_MATCH = YES;
				COPY_PHASE_STRIP = NO;
				ENABLE_STRICT_OBJC_MSGSEND = YES;
				GCC_C_LANGUAGE_STANDARD = gnu99;
				GCC_DYNAMIC_NO_PIC = NO;
				GCC_OPTIMIZATION_LEVEL = 0;
				GCC_PREFIX_HEADER = "$(PROJECT_NAME)/$(PROJECT_NAME)-Prefix.pch";
				GCC_PREPROCESSOR_DEFINITIONS = (
					"DEBUG=1",
					"$(inherited)",
				);
				GCC_SYMBOLS_PRIVATE_EXTERN = NO;
				GCC_WARN_64_TO_32_BIT_CONVERSION = YES;
				GCC_WARN_ABOUT_RETURN_TYPE = YES_ERROR;
				GCC_WARN_UNDECLARED_SELECTOR = YES;
				GCC_WARN_UNINITIALIZED_AUTOS = YES_AGGRESSIVE;
				GCC_WARN_UNUSED_FUNCTION = YES;
				GCC_WARN_UNUSED_VARIABLE = YES;
				IPHONEOS_DEPLOYMENT_TARGET = 8.0;
				MTL_ENABLE_DEBUG_INFO = YES;
				ONLY_ACTIVE_ARCH = YES;
				SDKROOT = iphoneos;
			};
			name = Debug;
		};
		286BB1A919E5B1700042CD74 /* Release */ = {
			isa = XCBuildConfiguration;
			buildSettings = {
				ALWAYS_SEARCH_USER_PATHS = NO;
				CLANG_CXX_LANGUAGE_STANDARD = "gnu++0x";
				CLANG_CXX_LIBRARY = "libc++";
				CLANG_ENABLE_MODULES = YES;
				CLANG_ENABLE_OBJC_ARC = YES;
				CLANG_WARN_BOOL_CONVERSION = YES;
				CLANG_WARN_CONSTANT_CONVERSION = YES;
				CLANG_WARN_DIRECT_OBJC_ISA_USAGE = YES_ERROR;
				CLANG_WARN_EMPTY_BODY = YES;
				CLANG_WARN_ENUM_CONVERSION = YES;
				CLANG_WARN_INT_CONVERSION = YES;
				CLANG_WARN_OBJC_ROOT_CLASS = YES_ERROR;
				CLANG_WARN_UNREACHABLE_CODE = YES;
				CLANG_WARN__DUPLICATE_METHOD_MATCH = YES;
				COPY_PHASE_STRIP = YES;
				ENABLE_NS_ASSERTIONS = NO;
				ENABLE_STRICT_OBJC_MSGSEND = YES;
				GCC_C_LANGUAGE_STANDARD = gnu99;
				GCC_PREFIX_HEADER = "$(PROJECT_NAME)/$(PROJECT_NAME)-Prefix.pch";
				GCC_WARN_64_TO_32_BIT_CONVERSION = YES;
				GCC_WARN_ABOUT_RETURN_TYPE = YES_ERROR;
				GCC_WARN_UNDECLARED_SELECTOR = YES;
				GCC_WARN_UNINITIALIZED_AUTOS = YES_AGGRESSIVE;
				GCC_WARN_UNUSED_FUNCTION = YES;
				GCC_WARN_UNUSED_VARIABLE = YES;
				IPHONEOS_DEPLOYMENT_TARGET = 8.0;
				MTL_ENABLE_DEBUG_INFO = NO;
				SDKROOT = iphoneos;
				VALIDATE_PRODUCT = YES;
			};
			name = Release;
		};
		286BB1AB19E5B1700042CD74 /* Debug */ = {
			isa = XCBuildConfiguration;
			buildSettings = {
				OTHER_LDFLAGS = "-ObjC";
				PRODUCT_NAME = "$(TARGET_NAME)";
				SKIP_INSTALL = YES;
			};
			name = Debug;
		};
		286BB1AC19E5B1700042CD74 /* Release */ = {
			isa = XCBuildConfiguration;
			buildSettings = {
				OTHER_LDFLAGS = "-ObjC";
				PRODUCT_NAME = "$(TARGET_NAME)";
				SKIP_INSTALL = YES;
			};
			name = Release;
		};
		286BB1AE19E5B1700042CD74 /* Debug */ = {
			isa = XCBuildConfiguration;
			buildSettings = {
				FRAMEWORK_SEARCH_PATHS = (
					"$(SDKROOT)/Developer/Library/Frameworks",
					"$(inherited)",
				);
				GCC_PREPROCESSOR_DEFINITIONS = (
					"DEBUG=1",
					"$(inherited)",
				);
				INFOPLIST_FILE = LKLayoutLibraryTests/Info.plist;
				LD_RUNPATH_SEARCH_PATHS = "$(inherited) @executable_path/Frameworks @loader_path/Frameworks";
				PRODUCT_NAME = "$(TARGET_NAME)";
			};
			name = Debug;
		};
		286BB1AF19E5B1700042CD74 /* Release */ = {
			isa = XCBuildConfiguration;
			buildSettings = {
				FRAMEWORK_SEARCH_PATHS = (
					"$(SDKROOT)/Developer/Library/Frameworks",
					"$(inherited)",
				);
				INFOPLIST_FILE = LKLayoutLibraryTests/Info.plist;
				LD_RUNPATH_SEARCH_PATHS = "$(inherited) @executable_path/Frameworks @loader_path/Frameworks";
				PRODUCT_NAME = "$(TARGET_NAME)";
			};
			name = Release;
		};
/* End XCBuildConfiguration section */

/* Begin XCConfigurationList section */
		286BB19419E5B1700042CD74 /* Build configuration list for PBXProject "LKLayoutLibrary" */ = {
			isa = XCConfigurationList;
			buildConfigurations = (
				286BB1A819E5B1700042CD74 /* Debug */,
				286BB1A919E5B1700042CD74 /* Release */,
			);
			defaultConfigurationIsVisible = 0;
			defaultConfigurationName = Release;
		};
		286BB1AA19E5B1700042CD74 /* Build configuration list for PBXNativeTarget "LKLayoutLibrary" */ = {
			isa = XCConfigurationList;
			buildConfigurations = (
				286BB1AB19E5B1700042CD74 /* Debug */,
				286BB1AC19E5B1700042CD74 /* Release */,
			);
			defaultConfigurationIsVisible = 0;
			defaultConfigurationName = Release;
		};
		286BB1AD19E5B1700042CD74 /* Build configuration list for PBXNativeTarget "LKLayoutLibraryTests" */ = {
			isa = XCConfigurationList;
			buildConfigurations = (
				286BB1AE19E5B1700042CD74 /* Debug */,
				286BB1AF19E5B1700042CD74 /* Release */,
			);
			defaultConfigurationIsVisible = 0;
			defaultConfigurationName = Release;
		};
/* End XCConfigurationList section */
	};
	rootObject = 286BB19119E5B1700042CD74 /* Project object */;
}
